dependencies:
  espressif/esp-brookesia:
    component_hash: da224da7a829bb930793c0c779b44227238a57191ca360908c8f2b051d220223
    dependencies:
    - name: espressif/esp-lib-utils
      registry_url: https://components.espressif.com
      require: public
      version: 0.2.*
    - name: idf
      require: private
      version: '>=5.3'
    - name: lvgl/lvgl
      registry_url: https://components.espressif.com
      require: public
      version: 9.2.*
    source:
      registry_url: https://components.espressif.com/
      type: service
    version: 0.5.0
  espressif/esp-lib-utils:
    component_hash: 9e81fa27e3a8292bed95d91754ebcb8f27f47117328b0b646446f29fc5a847fb
    dependencies:
    - name: idf
      require: private
      version: '>=5.1'
    source:
      registry_url: https://components.espressif.com
      type: service
    version: 0.2.3
  espressif/esp_audio_codec:
    component_hash: 04c2f0d5eca207cdfabd3aafc50ef4bca53532115ddf7689e5cfabd00eb88b02
    dependencies:
    - name: idf
      require: private
      version: '>=4.4'
    source:
      registry_url: https://components.espressif.com/
      type: service
    version: 2.3.0
  espressif/esp_audio_effects:
    component_hash: 54af7c9a4f40703325482660ffb3a8b5f66fa56cb92f6db220f8b11ec2b6a32b
    dependencies: []
    source:
      registry_url: https://components.espressif.com
      type: service
    version: 1.1.0
  espressif/esp_audio_simple_player:
    component_hash: 3594a51023ecf4b02b7c23071e7eb023da13eaa2cfbec53ea2eb4acdce5fe5b8
    dependencies:
    - name: espressif/gmf_audio
      registry_url: https://components.espressif.com
      require: private
      version: ^0.7
    - name: espressif/gmf_io
      registry_url: https://components.espressif.com
      require: private
      version: ^0.7
    source:
      registry_url: https://components.espressif.com/
      type: service
    version: 0.9.5
  espressif/esp_codec_dev:
    component_hash: 383e46ad732c80a475337ad566d70c896c841ca5945d5c077962cb92f948d386
    dependencies:
    - name: idf
      require: private
      version: '>=4.0'
    source:
      registry_url: https://components.espressif.com
      type: service
    version: 1.5.2
  espressif/esp_lcd_touch:
    component_hash: 779b4ba2464a3ae85681e4b860caa5fdc35801458c23f3039ee761bae7f442a4
    dependencies:
    - name: idf
      require: private
      version: '>=4.4.2'
    source:
      registry_url: https://components.espressif.com/
      type: service
    version: 1.1.2
  espressif/esp_lcd_touch_cst816s:
    component_hash: 51dfa9cee38d8a20f4b625d7f89120dff08c8557e613e09dfb31f53d48648235
    dependencies:
    - name: espressif/esp_lcd_touch
      registry_url: https://components.espressif.com
      require: public
      version: ^1.0.4
    - name: idf
      require: private
      version: '>=4.4.2'
    source:
      registry_url: https://components.espressif.com/
      type: service
    version: 1.1.0
  espressif/esp_lvgl_port:
    component_hash: 3264cc85d86a7c32b67d26a1353a57c67e7986bb293ebb1731801936b056e632
    dependencies:
    - name: idf
      require: private
      version: '>=5.1'
    - name: lvgl/lvgl
      registry_url: https://components.espressif.com
      require: public
      version: '>=8,<10'
    source:
      registry_url: https://components.espressif.com/
      type: service
    version: 2.6.3
  espressif/gmf_audio:
    component_hash: 7d51b18cbfe05670d92e63f87538c795ce0e9350c86e278996d51c09aa4b30e8
    dependencies:
    - name: espressif/esp_audio_codec
      registry_url: https://components.espressif.com
      require: private
      version: ~2.3
    - name: espressif/esp_audio_effects
      registry_url: https://components.espressif.com
      require: private
      version: ~1.1
    - name: espressif/gmf_core
      registry_url: https://components.espressif.com
      require: private
      version: ^0.7
    source:
      registry_url: https://components.espressif.com
      type: service
    version: 0.7.2
  espressif/gmf_core:
    component_hash: 244a6ccddb77b001600ec80f311647044c235e50c227db739abeb42d763f862f
    dependencies: []
    source:
      registry_url: https://components.espressif.com
      type: service
    version: 0.7.5
  espressif/gmf_io:
    component_hash: 2915da1958dc8ff584bd3920a0061b13dfc64b068d3ce68a49597fe5e90bac6f
    dependencies:
    - name: espressif/esp_codec_dev
      registry_url: https://components.espressif.com
      require: private
      version: ^1.4
    - name: espressif/gmf_core
      registry_url: https://components.espressif.com
      require: private
      version: ^0.7
    source:
      registry_url: https://components.espressif.com
      type: service
    version: 0.7.6
  idf:
    source:
      type: idf
    version: 5.5.1
  lvgl/lvgl:
    component_hash: 096c69af22eaf8a2b721e3913da91918c5e6bf1a762a113ec01f401aa61337a0
    dependencies: []
    source:
      registry_url: https://components.espressif.com
      type: service
    version: 9.2.2
  waveshare/pcf85063a:
    component_hash: 7e1a2a705bc8c9e9104d8835903f24b11ef52f351f0634afc7bb78783234f339
    dependencies:
    - name: idf
      require: private
      version: '>=5.3.2'
    source:
      registry_url: https://components.espressif.com/
      type: service
    version: 1.0.1
  waveshare/qmi8658:
    component_hash: 0f849356dfdcd3c868ad37a74a2cbb00892c69b3b1b18854172715f6eb980e5b
    dependencies:
    - name: idf
      require: private
      version: '>=5.3.2'
    source:
      registry_url: https://components.espressif.com/
      type: service
    version: 1.0.1
direct_dependencies:
- espressif/esp-brookesia
- espressif/esp_audio_codec
- espressif/esp_audio_simple_player
- espressif/esp_lcd_touch
- espressif/esp_lcd_touch_cst816s
- espressif/esp_lvgl_port
- waveshare/pcf85063a
- waveshare/qmi8658
manifest_hash: 7a10c2695597e09c8f0ceb50ab33dee50b9575d0b493a7eee789f5e0d48ad795
target: esp32c6
version: 2.0.0
